get_data:
  cmd: tar -xzvfOrcasoundLab07052019_PodCastround2.tar.gz
  deps:
  - path: OrcasoundLab07052019_PodCastRound2.tar.gz
    md5: f6b28a23204520804a9265a27a08c732
  outs:
  - path: Round2_OS_07_05
    md5: 2e4c38c2a3d9a0bb6c3b9b2e326741f6.dir
get_data2:
  cmd: tar -xzvf OrcasoundLab09272017_PodCastRound3.tar.gz
  deps:
  - path: OrcasoundLab09272017_PodCastRound3.tar.gz
    md5: f139f4259bb2366eb2accf499f4723eb
  outs:
  - path: Round3_OS_09_27_2017
    md5: ab24f18a5884b50454430710bd701ba3.dir
get_data_test:
  cmd: tar -xzvfOrcasoundLab09272017_Test.tar.gz
  deps:
  - path: OrcasoundLab09272017_Test.tar.gz
    md5: 61f91fb7ed7f976c99381b4082d43536
  outs:
  - path: OrcasoundLab09272017_Test
    md5: 026d5172bf52541eacfbc04ed9aee98f.dir
get_rnd2_data:
  cmd: tar -xzvfOrcasoundLab07052019_PodCastround2.tar.gz
  deps:
  - path: OrcasoundLab07052019_PodCastRound2.tar.gz
    md5: f6b28a23204520804a9265a27a08c732
  outs:
  - path: Round2_OS_07_05
    md5: 2e4c38c2a3d9a0bb6c3b9b2e326741f6.dir
get_rnd3_data:
  cmd: tar -xzvfOrcasoundLab09272017_PodCastRound3.tar.gz
  deps:
  - path: OrcasoundLab09272017_PodCastRound3.tar.gz
    md5: f139f4259bb2366eb2accf499f4723eb
  outs:
  - path: Round3_OS_09_27_2017
    md5: ab24f18a5884b50454430710bd701ba3.dir
get_test_data:
  cmd: tar -xzvfOrcasoundLab09272017_Test.tar.gz
  deps:
  - path: OrcasoundLab09272017_Test.tar.gz
    md5: 61f91fb7ed7f976c99381b4082d43536
  outs:
  - path: OrcasoundLab09272017_Test
    md5: 026d5172bf52541eacfbc04ed9aee98f.dir
get_test_data2:
  cmd: tar -xzvfOS_SVeirs_07_05_2019_08_24_00.tar.gz
  deps:
  - path: OS_SVeirs_07_05_2019_08_24_00.tar.gz
    md5: 4a65c4fea2ef82662c68f3ed978524ff
  outs:
  - path: test_data
    md5: 8b25ba0d142de850a0f890b523074962.dir
extract_calls_rnd2:
  cmd: python preprocess.py --tsv_path Round2_OS_07_05/train.tsv  --files_dir Round2_OS_07_05/wav
    --call_time 2 --output_dir extracted-calls --reduce_noise
  deps:
  - path: Round2_OS_07_05
    md5: 2e4c38c2a3d9a0bb6c3b9b2e326741f6.dir
  - path: preprocess.py
    md5: da769c93ff65c8b1ab02dcfc2b8f73b9
  outs:
  - path: extracted-calls/0
    md5: 615fc928d86d896ec5e33efed82b7d09.dir
  - path: extracted-calls/1
    md5: 688b491a57630662b76596f7ea7b5726.dir
